
Microsoft Visual Studio Solution File, Format Version 12.00
# Visual Studio Version 16
VisualStudioVersion = 16.0.30907.101
MinimumVisualStudioVersion = 10.0.40219.1
Project("{FAE04EC0-301F-11D3-BF4B-00C04F79EFBC}") = "SoftwareTesting_Selenium", "SoftwareTesting_Selenium\SoftwareTesting_Selenium.csproj", "{63025861-20A4-476D-97C7-52972C18BC76}"
EndProject
Global
	GlobalSection(SolutionConfigurationPlatforms) = preSolution
		Debug|Any CPU = Debug|Any CPU
		Release|Any CPU = Release|Any CPU
	EndGlobalSection
	GlobalSection(ProjectConfigurationPlatforms) = postSolution
		{63025861-20A4-476D-97C7-52972C18BC76}.Debug|Any CPU.ActiveCfg = Debug|Any CPU
		{63025861-20A4-476D-97C7-52972C18BC76}.Debug|Any CPU.Build.0 = Debug|Any CPU
		{63025861-20A4-476D-97C7-52972C18BC76}.Release|Any CPU.ActiveCfg = Release|Any CPU
		{63025861-20A4-476D-97C7-52972C18BC76}.Release|Any CPU.Build.0 = Release|Any CPU
	EndGlobalSection
	GlobalSection(SolutionProperties) = preSolution
		HideSolutionNode = FALSE
	EndGlobalSection
	GlobalSection(ExtensibilityGlobals) = postSolution
		SolutionGuid = {D45D2483-DF34-49C2-870C-1A8C63895593}
	EndGlobalSection
EndGlobal
